
Microsoft Visual Studio Solution File, Format Version 12.00
# Visual Studio Version 17
VisualStudioVersion = 17.0.31919.166
MinimumVisualStudioVersion = 10.0.40219.1
Project("{9A19103F-16F7-4668-BE54-9A1E7A4F7556}") = "WebCamTimeLapse", "WebCamTimeLapse.csproj", "{CA6430CE-6295-46B5-A683-59BF5EF58642}"
EndProject
Global
	GlobalSection(SolutionConfigurationPlatforms) = preSolution
		Debug|Any CPU = Debug|Any CPU
		Debug|x86 = Debug|x86
		Release|Any CPU = Release|Any CPU
		Release|x86 = Release|x86
	EndGlobalSection
	GlobalSection(ProjectConfigurationPlatforms) = postSolution
		{CA6430CE-6295-46B5-A683-59BF5EF58642}.Debug|Any CPU.ActiveCfg = Debug|Any CPU
		{CA6430CE-6295-46B5-A683-59BF5EF58642}.Debug|Any CPU.Build.0 = Debug|Any CPU
		{CA6430CE-6295-46B5-A683-59BF5EF58642}.Debug|x86.ActiveCfg = Debug|x86
		{CA6430CE-6295-46B5-A683-59BF5EF58642}.Debug|x86.Build.0 = Debug|x86
		{CA6430CE-6295-46B5-A683-59BF5EF58642}.Release|Any CPU.ActiveCfg = Release|Any CPU
		{CA6430CE-6295-46B5-A683-59BF5EF58642}.Release|Any CPU.Build.0 = Release|Any CPU
		{CA6430CE-6295-46B5-A683-59BF5EF58642}.Release|x86.ActiveCfg = Release|x86
		{CA6430CE-6295-46B5-A683-59BF5EF58642}.Release|x86.Build.0 = Release|x86
	EndGlobalSection
	GlobalSection(SolutionProperties) = preSolution
		HideSolutionNode = FALSE
	EndGlobalSection
	GlobalSection(ExtensibilityGlobals) = postSolution
		SolutionGuid = {5022CC1E-8513-424B-84D0-AFD9AA1CB862}
	EndGlobalSection
EndGlobal
